
Microsoft Visual Studio Solution File, Format Version 12.00
# Visual Studio 2013
VisualStudioVersion = 12.0.31101.0
MinimumVisualStudioVersion = 10.0.40219.1
Project("{581633EB-B896-402F-8E60-36F3DA191C85}") = "PayrollAppLS", "PayrollAppLS\PayrollAppLS.lsxtproj", "{5DBFD70F-AEFE-4B1F-8A47-2374EB83490B}"
EndProject
Project("{FAE04EC0-301F-11D3-BF4B-00C04F79EFBC}") = "PayrollAppLS.Server", "PayrollAppLS\PayrollAppLS.Server\PayrollAppLS.Server.csproj", "{2C767170-7D93-4A2C-B8ED-15F99C511939}"
EndProject
Project("{FAE04EC0-301F-11D3-BF4B-00C04F79EFBC}") = "PayrollAppLS.DesktopClient", "PayrollAppLS\PayrollAppLS.DesktopClient\PayrollAppLS.DesktopClient.csproj", "{AEDA452F-E9F8-4A61-9C70-ABE3BAD041CA}"
EndProject
Project("{262852C6-CD72-467D-83FE-5EEB1973A190}") = "PayrollAppLS.WebClient", "PayrollAppLS\PayrollAppLS.WebClient\PayrollAppLS.WebClient.jsproj", "{0BB39E6E-C1CF-483A-BC6D-CB14B3FF3D55}"
EndProject
Project("{FAE04EC0-301F-11D3-BF4B-00C04F79EFBC}") = "PayrollApp.Domain", "PayrollApp.Domain\PayrollApp.Domain.csproj", "{1C8F2446-8A9B-434B-9936-06C4D0C405D5}"
EndProject
Project("{FAE04EC0-301F-11D3-BF4B-00C04F79EFBC}") = "PayrollApp.AppServices", "PayrollApp.AppServices\PayrollApp.AppServices.csproj", "{E15F40CE-0CB2-41F3-8D3C-710714550CC9}"
EndProject
Project("{2150E333-8FDC-42A3-9474-1A3956D46DE8}") = "ClientApps", "ClientApps", "{07FB7B58-6534-4086-8B06-9FF6D1A9D4F2}"
EndProject
Project("{2150E333-8FDC-42A3-9474-1A3956D46DE8}") = "DDD", "DDD", "{62143FF0-FE1E-4211-BD1D-597B2BA5E5A2}"
EndProject
Project("{2150E333-8FDC-42A3-9474-1A3956D46DE8}") = "Infrastructure", "Infrastructure", "{4B96E127-DDAF-4283-9FE8-163A22D0BE8F}"
EndProject
Project("{FAE04EC0-301F-11D3-BF4B-00C04F79EFBC}") = "PayrollApp.DomainServices", "PayrollApp.DomainServices\PayrollApp.DomainServices.csproj", "{8D1E1743-C749-495B-B356-C998B8D126D1}"
EndProject
Project("{FAE04EC0-301F-11D3-BF4B-00C04F79EFBC}") = "PayrollApp.MessageBus", "PayrollApp.MessageBus\PayrollApp.MessageBus.csproj", "{8E608F0D-C698-43E2-9BE9-196F040FC760}"
EndProject
Project("{FAE04EC0-301F-11D3-BF4B-00C04F79EFBC}") = "PayrollApp.EventHandlers", "PayrollApp.EventHandlers\PayrollApp.EventHandlers.csproj", "{59FAF939-F019-4BDB-852A-CB73BCCF7690}"
EndProject
Project("{FAE04EC0-301F-11D3-BF4B-00C04F79EFBC}") = "PayrollApp.Domain.Tests", "PayrollApp.Domain.Tests\PayrollApp.Domain.Tests.csproj", "{EAAE64B1-1E3B-4B4C-8ACF-EFFD2F6335C1}"
EndProject
Project("{2150E333-8FDC-42A3-9474-1A3956D46DE8}") = "Tests", "Tests", "{0C10A9C6-B9A8-4FE9-A125-D5313AAFFFBE}"
EndProject
Project("{2150E333-8FDC-42A3-9474-1A3956D46DE8}") = "_Docs", "_Docs", "{945591F2-B0F9-4260-9534-436F2E9D0DEB}"
	ProjectSection(SolutionItems) = preProject
		DDD Links.txt = DDD Links.txt
		R.Martin Programowanie zwinne.txt = R.Martin Programowanie zwinne.txt
	EndProjectSection
EndProject
Global
	GlobalSection(SolutionConfigurationPlatforms) = preSolution
		Debug|Any CPU = Debug|Any CPU
		Release|Any CPU = Release|Any CPU
	EndGlobalSection
	GlobalSection(ProjectConfigurationPlatforms) = postSolution
		{5DBFD70F-AEFE-4B1F-8A47-2374EB83490B}.Debug|Any CPU.ActiveCfg = Debug|Any CPU
		{5DBFD70F-AEFE-4B1F-8A47-2374EB83490B}.Debug|Any CPU.Build.0 = Debug|Any CPU
		{5DBFD70F-AEFE-4B1F-8A47-2374EB83490B}.Release|Any CPU.ActiveCfg = Release|Any CPU
		{5DBFD70F-AEFE-4B1F-8A47-2374EB83490B}.Release|Any CPU.Build.0 = Release|Any CPU
		{2C767170-7D93-4A2C-B8ED-15F99C511939}.Debug|Any CPU.ActiveCfg = Debug|Any CPU
		{2C767170-7D93-4A2C-B8ED-15F99C511939}.Debug|Any CPU.Build.0 = Debug|Any CPU
		{2C767170-7D93-4A2C-B8ED-15F99C511939}.Release|Any CPU.ActiveCfg = Release|Any CPU
		{2C767170-7D93-4A2C-B8ED-15F99C511939}.Release|Any CPU.Build.0 = Release|Any CPU
		{AEDA452F-E9F8-4A61-9C70-ABE3BAD041CA}.Debug|Any CPU.ActiveCfg = Debug|Any CPU
		{AEDA452F-E9F8-4A61-9C70-ABE3BAD041CA}.Debug|Any CPU.Build.0 = Debug|Any CPU
		{AEDA452F-E9F8-4A61-9C70-ABE3BAD041CA}.Release|Any CPU.ActiveCfg = Release|Any CPU
		{AEDA452F-E9F8-4A61-9C70-ABE3BAD041CA}.Release|Any CPU.Build.0 = Release|Any CPU
		{0BB39E6E-C1CF-483A-BC6D-CB14B3FF3D55}.Debug|Any CPU.ActiveCfg = Debug|Any CPU
		{0BB39E6E-C1CF-483A-BC6D-CB14B3FF3D55}.Debug|Any CPU.Build.0 = Debug|Any CPU
		{0BB39E6E-C1CF-483A-BC6D-CB14B3FF3D55}.Release|Any CPU.ActiveCfg = Release|Any CPU
		{0BB39E6E-C1CF-483A-BC6D-CB14B3FF3D55}.Release|Any CPU.Build.0 = Release|Any CPU
		{1C8F2446-8A9B-434B-9936-06C4D0C405D5}.Debug|Any CPU.ActiveCfg = Debug|Any CPU
		{1C8F2446-8A9B-434B-9936-06C4D0C405D5}.Debug|Any CPU.Build.0 = Debug|Any CPU
		{1C8F2446-8A9B-434B-9936-06C4D0C405D5}.Release|Any CPU.ActiveCfg = Release|Any CPU
		{1C8F2446-8A9B-434B-9936-06C4D0C405D5}.Release|Any CPU.Build.0 = Release|Any CPU
		{E15F40CE-0CB2-41F3-8D3C-710714550CC9}.Debug|Any CPU.ActiveCfg = Debug|Any CPU
		{E15F40CE-0CB2-41F3-8D3C-710714550CC9}.Debug|Any CPU.Build.0 = Debug|Any CPU
		{E15F40CE-0CB2-41F3-8D3C-710714550CC9}.Release|Any CPU.ActiveCfg = Release|Any CPU
		{E15F40CE-0CB2-41F3-8D3C-710714550CC9}.Release|Any CPU.Build.0 = Release|Any CPU
		{8D1E1743-C749-495B-B356-C998B8D126D1}.Debug|Any CPU.ActiveCfg = Debug|Any CPU
		{8D1E1743-C749-495B-B356-C998B8D126D1}.Debug|Any CPU.Build.0 = Debug|Any CPU
		{8D1E1743-C749-495B-B356-C998B8D126D1}.Release|Any CPU.ActiveCfg = Release|Any CPU
		{8D1E1743-C749-495B-B356-C998B8D126D1}.Release|Any CPU.Build.0 = Release|Any CPU
		{8E608F0D-C698-43E2-9BE9-196F040FC760}.Debug|Any CPU.ActiveCfg = Debug|Any CPU
		{8E608F0D-C698-43E2-9BE9-196F040FC760}.Debug|Any CPU.Build.0 = Debug|Any CPU
		{8E608F0D-C698-43E2-9BE9-196F040FC760}.Release|Any CPU.ActiveCfg = Release|Any CPU
		{8E608F0D-C698-43E2-9BE9-196F040FC760}.Release|Any CPU.Build.0 = Release|Any CPU
		{59FAF939-F019-4BDB-852A-CB73BCCF7690}.Debug|Any CPU.ActiveCfg = Debug|Any CPU
		{59FAF939-F019-4BDB-852A-CB73BCCF7690}.Debug|Any CPU.Build.0 = Debug|Any CPU
		{59FAF939-F019-4BDB-852A-CB73BCCF7690}.Release|Any CPU.ActiveCfg = Release|Any CPU
		{59FAF939-F019-4BDB-852A-CB73BCCF7690}.Release|Any CPU.Build.0 = Release|Any CPU
		{EAAE64B1-1E3B-4B4C-8ACF-EFFD2F6335C1}.Debug|Any CPU.ActiveCfg = Debug|Any CPU
		{EAAE64B1-1E3B-4B4C-8ACF-EFFD2F6335C1}.Debug|Any CPU.Build.0 = Debug|Any CPU
		{EAAE64B1-1E3B-4B4C-8ACF-EFFD2F6335C1}.Release|Any CPU.ActiveCfg = Release|Any CPU
		{EAAE64B1-1E3B-4B4C-8ACF-EFFD2F6335C1}.Release|Any CPU.Build.0 = Release|Any CPU
	EndGlobalSection
	GlobalSection(SolutionProperties) = preSolution
		HideSolutionNode = FALSE
	EndGlobalSection
	GlobalSection(NestedProjects) = preSolution
		{2C767170-7D93-4A2C-B8ED-15F99C511939} = {4B96E127-DDAF-4283-9FE8-163A22D0BE8F}
		{AEDA452F-E9F8-4A61-9C70-ABE3BAD041CA} = {07FB7B58-6534-4086-8B06-9FF6D1A9D4F2}
		{0BB39E6E-C1CF-483A-BC6D-CB14B3FF3D55} = {07FB7B58-6534-4086-8B06-9FF6D1A9D4F2}
		{1C8F2446-8A9B-434B-9936-06C4D0C405D5} = {62143FF0-FE1E-4211-BD1D-597B2BA5E5A2}
		{E15F40CE-0CB2-41F3-8D3C-710714550CC9} = {62143FF0-FE1E-4211-BD1D-597B2BA5E5A2}
		{8D1E1743-C749-495B-B356-C998B8D126D1} = {4B96E127-DDAF-4283-9FE8-163A22D0BE8F}
		{8E608F0D-C698-43E2-9BE9-196F040FC760} = {4B96E127-DDAF-4283-9FE8-163A22D0BE8F}
		{59FAF939-F019-4BDB-852A-CB73BCCF7690} = {62143FF0-FE1E-4211-BD1D-597B2BA5E5A2}
		{EAAE64B1-1E3B-4B4C-8ACF-EFFD2F6335C1} = {0C10A9C6-B9A8-4FE9-A125-D5313AAFFFBE}
	EndGlobalSection
EndGlobal
